{
  "name": "@euraika-labs/personal-assistant",
  "version": "0.1.1",
  "lockfileVersion": 3,
  "requires": true,
  "packages": {
    "": {
      "name": "@euraika-labs/personal-assistant",
      "version": "0.1.1",
      "license": "MIT",
      "bin": {
        "euraika-pa": "bin/personal-assistant.mjs",
        "personal-assistant": "bin/personal-assistant.mjs"
      },
      "engines": {
        "node": ">=20"
      }
    }
  }
}
